<?xml version="1.0" encoding="utf-8"?>
<Project ToolsVersion="17.0" xmlns="http://schemas.microsoft.com/developer/msbuild/2003">
  <ItemGroup>
    <ClCompile Include="C:\Users\mhj29\Desktop\gamemath-9-1c\Source\Runtime\Renderer\Precompiled.cpp" />
    <ClCompile Include="C:\Users\mhj29\Desktop\gamemath-9-1c\Source\Runtime\Renderer\Private\2D\Shader.cpp">
      <Filter>Private\2D</Filter>
    </ClCompile>
    <ClCompile Include="C:\Users\mhj29\Desktop\gamemath-9-1c\Source\Runtime\Renderer\Private\2D\Vertex.cpp">
      <Filter>Private\2D</Filter>
    </ClCompile>
    <ClCompile Include="C:\Users\mhj29\Desktop\gamemath-9-1c\Source\Runtime\Renderer\Private\3D\PerspectiveTest.cpp">
      <Filter>Private\3D</Filter>
    </ClCompile>
    <ClCompile Include="C:\Users\mhj29\Desktop\gamemath-9-1c\Source\Runtime\Renderer\Private\3D\Shader.cpp">
      <Filter>Private\3D</Filter>
    </ClCompile>
    <ClCompile Include="C:\Users\mhj29\Desktop\gamemath-9-1c\Source\Runtime\Renderer\Private\3D\Vertex.cpp">
      <Filter>Private\3D</Filter>
    </ClCompile>
    <ClCompile Include="C:\Users\mhj29\Desktop\gamemath-9-1c\Source\Runtime\Renderer\Private\Windows\WindowsGDI.cpp">
      <Filter>Private\Windows</Filter>
    </ClCompile>
    <ClCompile Include="C:\Users\mhj29\Desktop\gamemath-9-1c\Source\Runtime\Renderer\Private\Windows\WindowsRSI.cpp">
      <Filter>Private\Windows</Filter>
    </ClCompile>
  </ItemGroup>
  <ItemGroup>
    <ClInclude Include="C:\Users\mhj29\Desktop\gamemath-9-1c\Source\Runtime\Renderer\Precompiled.h" />
    <ClInclude Include="C:\Users\mhj29\Desktop\gamemath-9-1c\Source\Runtime\Renderer\Public\2D\Shader.h">
      <Filter>Public\2D</Filter>
    </ClInclude>
    <ClInclude Include="C:\Users\mhj29\Desktop\gamemath-9-1c\Source\Runtime\Renderer\Public\2D\Vertex.h">
      <Filter>Public\2D</Filter>
    </ClInclude>
    <ClInclude Include="C:\Users\mhj29\Desktop\gamemath-9-1c\Source\Runtime\Renderer\Public\3D\PerspectiveTest.h">
      <Filter>Public\3D</Filter>
    </ClInclude>
    <ClInclude Include="C:\Users\mhj29\Desktop\gamemath-9-1c\Source\Runtime\Renderer\Public\3D\Shader.h">
      <Filter>Public\3D</Filter>
    </ClInclude>
    <ClInclude Include="C:\Users\mhj29\Desktop\gamemath-9-1c\Source\Runtime\Renderer\Public\3D\Vertex.h">
      <Filter>Public\3D</Filter>
    </ClInclude>
    <ClInclude Include="C:\Users\mhj29\Desktop\gamemath-9-1c\Source\Runtime\Renderer\Public\RendererHeaders.h">
      <Filter>Public</Filter>
    </ClInclude>
    <ClInclude Include="C:\Users\mhj29\Desktop\gamemath-9-1c\Source\Runtime\Renderer\Public\RendererInterface.h">
      <Filter>Public</Filter>
    </ClInclude>
    <ClInclude Include="C:\Users\mhj29\Desktop\gamemath-9-1c\Source\Runtime\Renderer\Public\Windows\WindowsGDI.h">
      <Filter>Public\Windows</Filter>
    </ClInclude>
    <ClInclude Include="C:\Users\mhj29\Desktop\gamemath-9-1c\Source\Runtime\Renderer\Public\Windows\WindowsRSI.h">
      <Filter>Public\Windows</Filter>
    </ClInclude>
  </ItemGroup>
  <ItemGroup>
    <Filter Include="Private">
      <UniqueIdentifier>{7197088D-10BD-345E-87B5-AFAD3609F02E}</UniqueIdentifier>
    </Filter>
    <Filter Include="Private\2D">
      <UniqueIdentifier>{B3272059-3D25-35A1-844B-8C06F9E3E2E2}</UniqueIdentifier>
    </Filter>
    <Filter Include="Private\3D">
      <UniqueIdentifier>{0DC146F7-0E03-3C94-8718-EFFE0DB9BA7A}</UniqueIdentifier>
    </Filter>
    <Filter Include="Private\Windows">
      <UniqueIdentifier>{BB9273CD-30AC-3754-B087-6A252BC14C82}</UniqueIdentifier>
    </Filter>
    <Filter Include="Public">
      <UniqueIdentifier>{D084DF21-FEB9-3AA6-8078-8D6CB3DD52FE}</UniqueIdentifier>
    </Filter>
    <Filter Include="Public\2D">
      <UniqueIdentifier>{FF09FD43-3FD3-3B28-B2F2-9437C71D1996}</UniqueIdentifier>
    </Filter>
    <Filter Include="Public\3D">
      <UniqueIdentifier>{BC92C1D2-9CA1-3889-BFC8-024B8B39146F}</UniqueIdentifier>
    </Filter>
    <Filter Include="Public\Windows">
      <UniqueIdentifier>{BA373482-6DC6-3205-BEA9-B89B36B5963D}</UniqueIdentifier>
    </Filter>
  </ItemGroup>
</Project>
