<?xml version="1.0" encoding="utf-8"?>
<Project ToolsVersion="17.0" xmlns="http://schemas.microsoft.com/developer/msbuild/2003">
  <ItemGroup>
    <ClCompile Include="C:\Users\mhj29\Desktop\gamemath-6-1\gamemath-6-1\Source\Player\Precompiled.cpp" />
    <ClCompile Include="C:\Users\mhj29\Desktop\gamemath-6-1\gamemath-6-1\Source\Player\Private\SystemInputManager.cpp">
      <Filter>Private</Filter>
    </ClCompile>
    <ClCompile Include="C:\Users\mhj29\Desktop\gamemath-6-1\gamemath-6-1\Source\Player\SoftRenderer.cpp" />
    <ClCompile Include="C:\Users\mhj29\Desktop\gamemath-6-1\gamemath-6-1\Source\Player\SoftRenderer2D.cpp" />
    <ClCompile Include="C:\Users\mhj29\Desktop\gamemath-6-1\gamemath-6-1\Source\Player\SoftRenderer3D.cpp" />
    <ClCompile Include="C:\Users\mhj29\Desktop\gamemath-6-1\gamemath-6-1\Source\Player\Private\Windows\WindowsApp.cpp">
      <Filter>Private\Windows</Filter>
    </ClCompile>
  </ItemGroup>
  <ItemGroup>
    <ClInclude Include="C:\Users\mhj29\Desktop\gamemath-6-1\gamemath-6-1\Source\Player\Precompiled.h" />
    <ClInclude Include="C:\Users\mhj29\Desktop\gamemath-6-1\gamemath-6-1\Source\Player\SoftRenderer.h" />
    <ClInclude Include="C:\Users\mhj29\Desktop\gamemath-6-1\gamemath-6-1\Source\Player\SystemInputManager.h" />
    <ClInclude Include="C:\Users\mhj29\Desktop\gamemath-6-1\gamemath-6-1\Source\Player\Private\Windows\Res\resource.h">
      <Filter>Private\Windows\Res</Filter>
    </ClInclude>
    <ClInclude Include="C:\Users\mhj29\Desktop\gamemath-6-1\gamemath-6-1\Source\Player\Private\Windows\WindowsPlayer.h">
      <Filter>Private\Windows</Filter>
    </ClInclude>
    <ClInclude Include="C:\Users\mhj29\Desktop\gamemath-6-1\gamemath-6-1\Source\Player\Private\Windows\WindowsUtil.h">
      <Filter>Private\Windows</Filter>
    </ClInclude>
  </ItemGroup>
  <ItemGroup>
    <None Include="C:\Users\mhj29\Desktop\gamemath-6-1\gamemath-6-1\Source\Player\Private\Windows\Res\player.ico">
      <Filter>Private\Windows\Res</Filter>
    </None>
    <None Include="C:\Users\mhj29\Desktop\gamemath-6-1\gamemath-6-1\Source\Player\Private\Windows\Res\player_small.ico">
      <Filter>Private\Windows\Res</Filter>
    </None>
  </ItemGroup>
  <ItemGroup>
    <ResourceCompile Include="C:\Users\mhj29\Desktop\gamemath-6-1\gamemath-6-1\Source\Player\Private\Windows\Res\player.rc">
      <Filter>Private\Windows\Res</Filter>
    </ResourceCompile>
  </ItemGroup>
  <ItemGroup>
    <Filter Include="Private">
      <UniqueIdentifier>{83212A74-AA1E-3736-B12B-E5164F00585D}</UniqueIdentifier>
    </Filter>
    <Filter Include="Private\Windows">
      <UniqueIdentifier>{C8E345A6-7430-311C-AEBD-A0A4014D8060}</UniqueIdentifier>
    </Filter>
    <Filter Include="Private\Windows\Res">
      <UniqueIdentifier>{B47128B1-E655-3C0C-9EA0-C50CA31517A5}</UniqueIdentifier>
    </Filter>
  </ItemGroup>
</Project>
