<?xml version="1.0" encoding="utf-8"?>
<Project ToolsVersion="17.0" xmlns="http://schemas.microsoft.com/developer/msbuild/2003">
  <ItemGroup>
    <ClCompile Include="C:\Users\mhj29\Desktop\gamemath-8-4c\Source\Player\Precompiled.cpp" />
    <ClCompile Include="C:\Users\mhj29\Desktop\gamemath-8-4c\Source\Player\Private\SystemInputManager.cpp">
      <Filter>Private</Filter>
    </ClCompile>
    <ClCompile Include="C:\Users\mhj29\Desktop\gamemath-8-4c\Source\Player\SoftRenderer.cpp" />
    <ClCompile Include="C:\Users\mhj29\Desktop\gamemath-8-4c\Source\Player\SoftRenderer2D.cpp" />
    <ClCompile Include="C:\Users\mhj29\Desktop\gamemath-8-4c\Source\Player\SoftRenderer3D.cpp" />
    <ClCompile Include="C:\Users\mhj29\Desktop\gamemath-8-4c\Source\Player\Private\Windows\WindowsApp.cpp">
      <Filter>Private\Windows</Filter>
    </ClCompile>
  </ItemGroup>
  <ItemGroup>
    <ClInclude Include="C:\Users\mhj29\Desktop\gamemath-8-4c\Source\Player\Precompiled.h" />
    <ClInclude Include="C:\Users\mhj29\Desktop\gamemath-8-4c\Source\Player\SoftRenderer.h" />
    <ClInclude Include="C:\Users\mhj29\Desktop\gamemath-8-4c\Source\Player\SystemInputManager.h" />
    <ClInclude Include="C:\Users\mhj29\Desktop\gamemath-8-4c\Source\Player\Private\Windows\Res\resource.h">
      <Filter>Private\Windows\Res</Filter>
    </ClInclude>
    <ClInclude Include="C:\Users\mhj29\Desktop\gamemath-8-4c\Source\Player\Private\Windows\WindowsPlayer.h">
      <Filter>Private\Windows</Filter>
    </ClInclude>
    <ClInclude Include="C:\Users\mhj29\Desktop\gamemath-8-4c\Source\Player\Private\Windows\WindowsUtil.h">
      <Filter>Private\Windows</Filter>
    </ClInclude>
  </ItemGroup>
  <ItemGroup>
    <None Include="C:\Users\mhj29\Desktop\gamemath-8-4c\Source\Player\Private\Windows\Res\player.ico">
      <Filter>Private\Windows\Res</Filter>
    </None>
    <None Include="C:\Users\mhj29\Desktop\gamemath-8-4c\Source\Player\Private\Windows\Res\player_small.ico">
      <Filter>Private\Windows\Res</Filter>
    </None>
  </ItemGroup>
  <ItemGroup>
    <ResourceCompile Include="C:\Users\mhj29\Desktop\gamemath-8-4c\Source\Player\Private\Windows\Res\player.rc">
      <Filter>Private\Windows\Res</Filter>
    </ResourceCompile>
  </ItemGroup>
  <ItemGroup>
    <Filter Include="Private">
      <UniqueIdentifier>{F723E3EF-4E3E-3261-BAE6-FAAE96D313DE}</UniqueIdentifier>
    </Filter>
    <Filter Include="Private\Windows">
      <UniqueIdentifier>{68A48883-4063-350E-9027-ED2C95987749}</UniqueIdentifier>
    </Filter>
    <Filter Include="Private\Windows\Res">
      <UniqueIdentifier>{CAF5F544-3F62-34C2-A5F2-1FAC74AE0767}</UniqueIdentifier>
    </Filter>
  </ItemGroup>
</Project>
