
Microsoft Visual Studio Solution File, Format Version 12.00
# Visual Studio Version 17
Project("{8BC9CEB8-8B4A-11D0-8D11-00A0C91BC942}") = "ALL_BUILD", "ALL_BUILD.vcxproj", "{9B04D4DC-2294-3C30-AA70-50BB7168DCF3}"
	ProjectSection(ProjectDependencies) = postProject
		{43A7817D-88FD-36A9-ACE2-854590781599} = {43A7817D-88FD-36A9-ACE2-854590781599}
	EndProjectSection
EndProject
Project("{8BC9CEB8-8B4A-11D0-8D11-00A0C91BC942}") = "EngineModule", "EngineModule.vcxproj", "{43A7817D-88FD-36A9-ACE2-854590781599}"
	ProjectSection(ProjectDependencies) = postProject
		{6EDC2C4F-1590-38A3-9E4A-11F120696E0B} = {6EDC2C4F-1590-38A3-9E4A-11F120696E0B}
		{C35FE6CB-DF4E-3420-A4E5-28D48FA1CC19} = {C35FE6CB-DF4E-3420-A4E5-28D48FA1CC19}
	EndProjectSection
EndProject
Project("{8BC9CEB8-8B4A-11D0-8D11-00A0C91BC942}") = "MathModule", "..\Math\MathModule.vcxproj", "{6EDC2C4F-1590-38A3-9E4A-11F120696E0B}"
	ProjectSection(ProjectDependencies) = postProject
	EndProjectSection
EndProject
Project("{8BC9CEB8-8B4A-11D0-8D11-00A0C91BC942}") = "RendererModule", "..\Renderer\RendererModule.vcxproj", "{C35FE6CB-DF4E-3420-A4E5-28D48FA1CC19}"
	ProjectSection(ProjectDependencies) = postProject
		{6EDC2C4F-1590-38A3-9E4A-11F120696E0B} = {6EDC2C4F-1590-38A3-9E4A-11F120696E0B}
	EndProjectSection
EndProject
Global
	GlobalSection(SolutionConfigurationPlatforms) = preSolution
		Debug|x64 = Debug|x64
		Release|x64 = Release|x64
		MinSizeRel|x64 = MinSizeRel|x64
		RelWithDebInfo|x64 = RelWithDebInfo|x64
	EndGlobalSection
	GlobalSection(ProjectConfigurationPlatforms) = postSolution
		{9B04D4DC-2294-3C30-AA70-50BB7168DCF3}.Debug|x64.ActiveCfg = Debug|x64
		{9B04D4DC-2294-3C30-AA70-50BB7168DCF3}.Release|x64.ActiveCfg = Release|x64
		{9B04D4DC-2294-3C30-AA70-50BB7168DCF3}.MinSizeRel|x64.ActiveCfg = MinSizeRel|x64
		{9B04D4DC-2294-3C30-AA70-50BB7168DCF3}.RelWithDebInfo|x64.ActiveCfg = RelWithDebInfo|x64
		{43A7817D-88FD-36A9-ACE2-854590781599}.Debug|x64.ActiveCfg = Debug|x64
		{43A7817D-88FD-36A9-ACE2-854590781599}.Debug|x64.Build.0 = Debug|x64
		{43A7817D-88FD-36A9-ACE2-854590781599}.Release|x64.ActiveCfg = Release|x64
		{43A7817D-88FD-36A9-ACE2-854590781599}.Release|x64.Build.0 = Release|x64
		{43A7817D-88FD-36A9-ACE2-854590781599}.MinSizeRel|x64.ActiveCfg = MinSizeRel|x64
		{43A7817D-88FD-36A9-ACE2-854590781599}.MinSizeRel|x64.Build.0 = MinSizeRel|x64
		{43A7817D-88FD-36A9-ACE2-854590781599}.RelWithDebInfo|x64.ActiveCfg = RelWithDebInfo|x64
		{43A7817D-88FD-36A9-ACE2-854590781599}.RelWithDebInfo|x64.Build.0 = RelWithDebInfo|x64
		{6EDC2C4F-1590-38A3-9E4A-11F120696E0B}.Debug|x64.ActiveCfg = Debug|x64
		{6EDC2C4F-1590-38A3-9E4A-11F120696E0B}.Debug|x64.Build.0 = Debug|x64
		{6EDC2C4F-1590-38A3-9E4A-11F120696E0B}.Release|x64.ActiveCfg = Release|x64
		{6EDC2C4F-1590-38A3-9E4A-11F120696E0B}.Release|x64.Build.0 = Release|x64
		{6EDC2C4F-1590-38A3-9E4A-11F120696E0B}.MinSizeRel|x64.ActiveCfg = MinSizeRel|x64
		{6EDC2C4F-1590-38A3-9E4A-11F120696E0B}.MinSizeRel|x64.Build.0 = MinSizeRel|x64
		{6EDC2C4F-1590-38A3-9E4A-11F120696E0B}.RelWithDebInfo|x64.ActiveCfg = RelWithDebInfo|x64
		{6EDC2C4F-1590-38A3-9E4A-11F120696E0B}.RelWithDebInfo|x64.Build.0 = RelWithDebInfo|x64
		{C35FE6CB-DF4E-3420-A4E5-28D48FA1CC19}.Debug|x64.ActiveCfg = Debug|x64
		{C35FE6CB-DF4E-3420-A4E5-28D48FA1CC19}.Debug|x64.Build.0 = Debug|x64
		{C35FE6CB-DF4E-3420-A4E5-28D48FA1CC19}.Release|x64.ActiveCfg = Release|x64
		{C35FE6CB-DF4E-3420-A4E5-28D48FA1CC19}.Release|x64.Build.0 = Release|x64
		{C35FE6CB-DF4E-3420-A4E5-28D48FA1CC19}.MinSizeRel|x64.ActiveCfg = MinSizeRel|x64
		{C35FE6CB-DF4E-3420-A4E5-28D48FA1CC19}.MinSizeRel|x64.Build.0 = MinSizeRel|x64
		{C35FE6CB-DF4E-3420-A4E5-28D48FA1CC19}.RelWithDebInfo|x64.ActiveCfg = RelWithDebInfo|x64
		{C35FE6CB-DF4E-3420-A4E5-28D48FA1CC19}.RelWithDebInfo|x64.Build.0 = RelWithDebInfo|x64
	EndGlobalSection
	GlobalSection(ExtensibilityGlobals) = postSolution
		SolutionGuid = {F3D16C02-0E05-3FE3-AB8C-772F91A72026}
	EndGlobalSection
	GlobalSection(ExtensibilityAddIns) = postSolution
	EndGlobalSection
EndGlobal
