
Microsoft Visual Studio Solution File, Format Version 12.00
# Visual Studio Version 17
Project("{8BC9CEB8-8B4A-11D0-8D11-00A0C91BC942}") = "SoftRendererPlayer", "Source\Player\SoftRendererPlayer.vcxproj", "{CAA73B69-9FB9-3841-B106-4336ED6C1264}"
	ProjectSection(ProjectDependencies) = postProject
		{B160893F-F772-3DDC-BFF9-77E39CF35651} = {B160893F-F772-3DDC-BFF9-77E39CF35651}
		{675352A8-E099-37A0-8B11-0F1CDF89B71F} = {675352A8-E099-37A0-8B11-0F1CDF89B71F}
		{FC5E7D43-9D23-355B-AB81-73B7475EA6B6} = {FC5E7D43-9D23-355B-AB81-73B7475EA6B6}
	EndProjectSection
EndProject
Project("{8BC9CEB8-8B4A-11D0-8D11-00A0C91BC942}") = "ALL_BUILD", "ALL_BUILD.vcxproj", "{D10B061A-2016-3C63-ABA7-4AFC0D46C033}"
	ProjectSection(ProjectDependencies) = postProject
		{B160893F-F772-3DDC-BFF9-77E39CF35651} = {B160893F-F772-3DDC-BFF9-77E39CF35651}
		{675352A8-E099-37A0-8B11-0F1CDF89B71F} = {675352A8-E099-37A0-8B11-0F1CDF89B71F}
		{FC5E7D43-9D23-355B-AB81-73B7475EA6B6} = {FC5E7D43-9D23-355B-AB81-73B7475EA6B6}
		{CAA73B69-9FB9-3841-B106-4336ED6C1264} = {CAA73B69-9FB9-3841-B106-4336ED6C1264}
	EndProjectSection
EndProject
Project("{8BC9CEB8-8B4A-11D0-8D11-00A0C91BC942}") = "EngineModule", "Source\Runtime\Engine\EngineModule.vcxproj", "{B160893F-F772-3DDC-BFF9-77E39CF35651}"
	ProjectSection(ProjectDependencies) = postProject
		{675352A8-E099-37A0-8B11-0F1CDF89B71F} = {675352A8-E099-37A0-8B11-0F1CDF89B71F}
		{FC5E7D43-9D23-355B-AB81-73B7475EA6B6} = {FC5E7D43-9D23-355B-AB81-73B7475EA6B6}
	EndProjectSection
EndProject
Project("{8BC9CEB8-8B4A-11D0-8D11-00A0C91BC942}") = "MathModule", "Source\Runtime\Math\MathModule.vcxproj", "{675352A8-E099-37A0-8B11-0F1CDF89B71F}"
	ProjectSection(ProjectDependencies) = postProject
	EndProjectSection
EndProject
Project("{8BC9CEB8-8B4A-11D0-8D11-00A0C91BC942}") = "RendererModule", "Source\Runtime\Renderer\RendererModule.vcxproj", "{FC5E7D43-9D23-355B-AB81-73B7475EA6B6}"
	ProjectSection(ProjectDependencies) = postProject
		{675352A8-E099-37A0-8B11-0F1CDF89B71F} = {675352A8-E099-37A0-8B11-0F1CDF89B71F}
	EndProjectSection
EndProject
Global
	GlobalSection(SolutionConfigurationPlatforms) = preSolution
		Debug|x64 = Debug|x64
		Release|x64 = Release|x64
		MinSizeRel|x64 = MinSizeRel|x64
		RelWithDebInfo|x64 = RelWithDebInfo|x64
	EndGlobalSection
	GlobalSection(ProjectConfigurationPlatforms) = postSolution
		{CAA73B69-9FB9-3841-B106-4336ED6C1264}.Debug|x64.ActiveCfg = Debug|x64
		{CAA73B69-9FB9-3841-B106-4336ED6C1264}.Debug|x64.Build.0 = Debug|x64
		{CAA73B69-9FB9-3841-B106-4336ED6C1264}.Release|x64.ActiveCfg = Release|x64
		{CAA73B69-9FB9-3841-B106-4336ED6C1264}.Release|x64.Build.0 = Release|x64
		{CAA73B69-9FB9-3841-B106-4336ED6C1264}.MinSizeRel|x64.ActiveCfg = MinSizeRel|x64
		{CAA73B69-9FB9-3841-B106-4336ED6C1264}.MinSizeRel|x64.Build.0 = MinSizeRel|x64
		{CAA73B69-9FB9-3841-B106-4336ED6C1264}.RelWithDebInfo|x64.ActiveCfg = RelWithDebInfo|x64
		{CAA73B69-9FB9-3841-B106-4336ED6C1264}.RelWithDebInfo|x64.Build.0 = RelWithDebInfo|x64
		{D10B061A-2016-3C63-ABA7-4AFC0D46C033}.Debug|x64.ActiveCfg = Debug|x64
		{D10B061A-2016-3C63-ABA7-4AFC0D46C033}.Release|x64.ActiveCfg = Release|x64
		{D10B061A-2016-3C63-ABA7-4AFC0D46C033}.MinSizeRel|x64.ActiveCfg = MinSizeRel|x64
		{D10B061A-2016-3C63-ABA7-4AFC0D46C033}.RelWithDebInfo|x64.ActiveCfg = RelWithDebInfo|x64
		{B160893F-F772-3DDC-BFF9-77E39CF35651}.Debug|x64.ActiveCfg = Debug|x64
		{B160893F-F772-3DDC-BFF9-77E39CF35651}.Debug|x64.Build.0 = Debug|x64
		{B160893F-F772-3DDC-BFF9-77E39CF35651}.Release|x64.ActiveCfg = Release|x64
		{B160893F-F772-3DDC-BFF9-77E39CF35651}.Release|x64.Build.0 = Release|x64
		{B160893F-F772-3DDC-BFF9-77E39CF35651}.MinSizeRel|x64.ActiveCfg = MinSizeRel|x64
		{B160893F-F772-3DDC-BFF9-77E39CF35651}.MinSizeRel|x64.Build.0 = MinSizeRel|x64
		{B160893F-F772-3DDC-BFF9-77E39CF35651}.RelWithDebInfo|x64.ActiveCfg = RelWithDebInfo|x64
		{B160893F-F772-3DDC-BFF9-77E39CF35651}.RelWithDebInfo|x64.Build.0 = RelWithDebInfo|x64
		{675352A8-E099-37A0-8B11-0F1CDF89B71F}.Debug|x64.ActiveCfg = Debug|x64
		{675352A8-E099-37A0-8B11-0F1CDF89B71F}.Debug|x64.Build.0 = Debug|x64
		{675352A8-E099-37A0-8B11-0F1CDF89B71F}.Release|x64.ActiveCfg = Release|x64
		{675352A8-E099-37A0-8B11-0F1CDF89B71F}.Release|x64.Build.0 = Release|x64
		{675352A8-E099-37A0-8B11-0F1CDF89B71F}.MinSizeRel|x64.ActiveCfg = MinSizeRel|x64
		{675352A8-E099-37A0-8B11-0F1CDF89B71F}.MinSizeRel|x64.Build.0 = MinSizeRel|x64
		{675352A8-E099-37A0-8B11-0F1CDF89B71F}.RelWithDebInfo|x64.ActiveCfg = RelWithDebInfo|x64
		{675352A8-E099-37A0-8B11-0F1CDF89B71F}.RelWithDebInfo|x64.Build.0 = RelWithDebInfo|x64
		{FC5E7D43-9D23-355B-AB81-73B7475EA6B6}.Debug|x64.ActiveCfg = Debug|x64
		{FC5E7D43-9D23-355B-AB81-73B7475EA6B6}.Debug|x64.Build.0 = Debug|x64
		{FC5E7D43-9D23-355B-AB81-73B7475EA6B6}.Release|x64.ActiveCfg = Release|x64
		{FC5E7D43-9D23-355B-AB81-73B7475EA6B6}.Release|x64.Build.0 = Release|x64
		{FC5E7D43-9D23-355B-AB81-73B7475EA6B6}.MinSizeRel|x64.ActiveCfg = MinSizeRel|x64
		{FC5E7D43-9D23-355B-AB81-73B7475EA6B6}.MinSizeRel|x64.Build.0 = MinSizeRel|x64
		{FC5E7D43-9D23-355B-AB81-73B7475EA6B6}.RelWithDebInfo|x64.ActiveCfg = RelWithDebInfo|x64
		{FC5E7D43-9D23-355B-AB81-73B7475EA6B6}.RelWithDebInfo|x64.Build.0 = RelWithDebInfo|x64
	EndGlobalSection
	GlobalSection(ExtensibilityGlobals) = postSolution
		SolutionGuid = {1895E1EA-F850-3AC2-94BD-9DBB1A6EE378}
	EndGlobalSection
	GlobalSection(ExtensibilityAddIns) = postSolution
	EndGlobalSection
EndGlobal
